
Microsoft Visual Studio Solution File, Format Version 12.00
# Visual Studio Version 16
VisualStudioVersion = 25.0.1703.5
MinimumVisualStudioVersion = 10.0.40219.1
Project("{FAE04EC0-301F-11D3-BF4B-00C04F79EFBC}") = "SM.BL.cs", "SM.BL\SM.BL.cs.csproj", "{191DDE9F-B7BE-4C8B-A152-9CC6CC24A137}"
EndProject
Project("{2150E333-8FDC-42A3-9474-1A3956D46DE8}") = "Tests", "Tests", "{4237C347-641B-403A-A892-AC588E62DDC1}"
EndProject
Project("{FAE04EC0-301F-11D3-BF4B-00C04F79EFBC}") = "SM.BLTest", "SM.BLTest\SM.BLTest.csproj", "{F6243096-10C4-4C70-84C6-394157DD64C6}"
EndProject
Project("{FAE04EC0-301F-11D3-BF4B-00C04F79EFBC}") = "ShepMovie.CommonTest", "SM.BLTest\ShepMovie.CommonTest\ShepMovie.CommonTest.csproj", "{E895CB98-DC09-4C61-9C68-9D36DDC99086}"
EndProject
Project("{2150E333-8FDC-42A3-9474-1A3956D46DE8}") = "Test1", "Test1", "{789A8FED-F3D5-418E-9571-72B60D41B164}"
EndProject
Project("{FAE04EC0-301F-11D3-BF4B-00C04F79EFBC}") = "SM.COM.cs", "SM.COM.cs\SM.COM.cs.csproj", "{A93B7308-14D7-4389-B488-97D77B97F17C}"
EndProject
Project("{FAE04EC0-301F-11D3-BF4B-00C04F79EFBC}") = "SM.COMTest", "SM.COMTest\SM.COMTest.csproj", "{4B4437BB-228F-4F4B-B643-3A6B8B69631B}"
EndProject
Project("{9344BDBB-3E7F-41FC-A0DD-8665D75EE146}") = "SM.BLTest1", "SM.BLTest\SM.BLTest1\SM.BLTest1.csproj", "{2ADABD8A-02F2-4B60-B540-154C11881ED6}"
EndProject
Project("{9344BDBB-3E7F-41FC-A0DD-8665D75EE146}") = "SM.BLTest2", "SM.BLTest\SM.BLTest2\SM.BLTest2.csproj", "{890FCE05-5E19-4EC3-913F-5E8672101C48}"
EndProject
Project("{9344BDBB-3E7F-41FC-A0DD-8665D75EE146}") = "peapks", "SM.BLTest\peapks\peapks.csproj", "{114325A2-35F5-46AA-99A7-C73BD8419D76}"
EndProject
Project("{9344BDBB-3E7F-41FC-A0DD-8665D75EE146}") = "SM.CommonTest", "SM.BLTest\ShepMovie.CommonTest\SM.CommonTest\SM.CommonTest.csproj", "{B94B4BE6-D21B-409A-A065-1539EB37888C}"
EndProject
Project("{9344BDBB-3E7F-41FC-A0DD-8665D75EE146}") = "SMCommonTest", "SM.BLTest\SMCommonTest\SMCommonTest.csproj", "{3569ABF3-9C41-4EE9-866D-238AECD197A3}"
EndProject
Project("{9344BDBB-3E7F-41FC-A0DD-8665D75EE146}") = "SMCommonTest", "SM.BL\Test\SMCommonTest\SMCommonTest.csproj", "{0CD0013B-27E9-42F5-84FF-A0CB2052D4D1}"
EndProject
Project("{FAE04EC0-301F-11D3-BF4B-00C04F79EFBC}") = "DemoAPI", "DemoAPI\DemoAPI.csproj", "{6454B156-D36D-40B2-B7D8-10FE0099C364}"
EndProject
Project("{FAE04EC0-301F-11D3-BF4B-00C04F79EFBC}") = "Demo2.0", "Demo2.0\Demo2.0.csproj", "{F61C7CFD-FE1B-42AE-BE13-42E204C88936}"
EndProject
Global
	GlobalSection(SolutionConfigurationPlatforms) = preSolution
		Debug|Any CPU = Debug|Any CPU
		Release|Any CPU = Release|Any CPU
	EndGlobalSection
	GlobalSection(ProjectConfigurationPlatforms) = postSolution
		{191DDE9F-B7BE-4C8B-A152-9CC6CC24A137}.Debug|Any CPU.ActiveCfg = Debug|Any CPU
		{191DDE9F-B7BE-4C8B-A152-9CC6CC24A137}.Debug|Any CPU.Build.0 = Debug|Any CPU
		{191DDE9F-B7BE-4C8B-A152-9CC6CC24A137}.Release|Any CPU.ActiveCfg = Release|Any CPU
		{191DDE9F-B7BE-4C8B-A152-9CC6CC24A137}.Release|Any CPU.Build.0 = Release|Any CPU
		{F6243096-10C4-4C70-84C6-394157DD64C6}.Debug|Any CPU.ActiveCfg = Debug|Any CPU
		{F6243096-10C4-4C70-84C6-394157DD64C6}.Debug|Any CPU.Build.0 = Debug|Any CPU
		{F6243096-10C4-4C70-84C6-394157DD64C6}.Release|Any CPU.ActiveCfg = Release|Any CPU
		{F6243096-10C4-4C70-84C6-394157DD64C6}.Release|Any CPU.Build.0 = Release|Any CPU
		{E895CB98-DC09-4C61-9C68-9D36DDC99086}.Debug|Any CPU.ActiveCfg = Debug|Any CPU
		{E895CB98-DC09-4C61-9C68-9D36DDC99086}.Debug|Any CPU.Build.0 = Debug|Any CPU
		{E895CB98-DC09-4C61-9C68-9D36DDC99086}.Release|Any CPU.ActiveCfg = Release|Any CPU
		{E895CB98-DC09-4C61-9C68-9D36DDC99086}.Release|Any CPU.Build.0 = Release|Any CPU
		{A93B7308-14D7-4389-B488-97D77B97F17C}.Debug|Any CPU.ActiveCfg = Debug|Any CPU
		{A93B7308-14D7-4389-B488-97D77B97F17C}.Debug|Any CPU.Build.0 = Debug|Any CPU
		{A93B7308-14D7-4389-B488-97D77B97F17C}.Release|Any CPU.ActiveCfg = Release|Any CPU
		{A93B7308-14D7-4389-B488-97D77B97F17C}.Release|Any CPU.Build.0 = Release|Any CPU
		{4B4437BB-228F-4F4B-B643-3A6B8B69631B}.Debug|Any CPU.ActiveCfg = Debug|Any CPU
		{4B4437BB-228F-4F4B-B643-3A6B8B69631B}.Debug|Any CPU.Build.0 = Debug|Any CPU
		{4B4437BB-228F-4F4B-B643-3A6B8B69631B}.Release|Any CPU.ActiveCfg = Release|Any CPU
		{4B4437BB-228F-4F4B-B643-3A6B8B69631B}.Release|Any CPU.Build.0 = Release|Any CPU
		{2ADABD8A-02F2-4B60-B540-154C11881ED6}.Debug|Any CPU.ActiveCfg = Debug|Any CPU
		{2ADABD8A-02F2-4B60-B540-154C11881ED6}.Debug|Any CPU.Build.0 = Debug|Any CPU
		{2ADABD8A-02F2-4B60-B540-154C11881ED6}.Release|Any CPU.ActiveCfg = Release|Any CPU
		{2ADABD8A-02F2-4B60-B540-154C11881ED6}.Release|Any CPU.Build.0 = Release|Any CPU
		{890FCE05-5E19-4EC3-913F-5E8672101C48}.Debug|Any CPU.ActiveCfg = Debug|Any CPU
		{890FCE05-5E19-4EC3-913F-5E8672101C48}.Debug|Any CPU.Build.0 = Debug|Any CPU
		{890FCE05-5E19-4EC3-913F-5E8672101C48}.Release|Any CPU.ActiveCfg = Release|Any CPU
		{890FCE05-5E19-4EC3-913F-5E8672101C48}.Release|Any CPU.Build.0 = Release|Any CPU
		{114325A2-35F5-46AA-99A7-C73BD8419D76}.Debug|Any CPU.ActiveCfg = Debug|Any CPU
		{114325A2-35F5-46AA-99A7-C73BD8419D76}.Debug|Any CPU.Build.0 = Debug|Any CPU
		{114325A2-35F5-46AA-99A7-C73BD8419D76}.Release|Any CPU.ActiveCfg = Release|Any CPU
		{114325A2-35F5-46AA-99A7-C73BD8419D76}.Release|Any CPU.Build.0 = Release|Any CPU
		{B94B4BE6-D21B-409A-A065-1539EB37888C}.Debug|Any CPU.ActiveCfg = Debug|Any CPU
		{B94B4BE6-D21B-409A-A065-1539EB37888C}.Debug|Any CPU.Build.0 = Debug|Any CPU
		{B94B4BE6-D21B-409A-A065-1539EB37888C}.Release|Any CPU.ActiveCfg = Release|Any CPU
		{B94B4BE6-D21B-409A-A065-1539EB37888C}.Release|Any CPU.Build.0 = Release|Any CPU
		{3569ABF3-9C41-4EE9-866D-238AECD197A3}.Debug|Any CPU.ActiveCfg = Debug|Any CPU
		{3569ABF3-9C41-4EE9-866D-238AECD197A3}.Debug|Any CPU.Build.0 = Debug|Any CPU
		{3569ABF3-9C41-4EE9-866D-238AECD197A3}.Release|Any CPU.ActiveCfg = Release|Any CPU
		{3569ABF3-9C41-4EE9-866D-238AECD197A3}.Release|Any CPU.Build.0 = Release|Any CPU
		{0CD0013B-27E9-42F5-84FF-A0CB2052D4D1}.Debug|Any CPU.ActiveCfg = Debug|Any CPU
		{0CD0013B-27E9-42F5-84FF-A0CB2052D4D1}.Debug|Any CPU.Build.0 = Debug|Any CPU
		{0CD0013B-27E9-42F5-84FF-A0CB2052D4D1}.Release|Any CPU.ActiveCfg = Release|Any CPU
		{0CD0013B-27E9-42F5-84FF-A0CB2052D4D1}.Release|Any CPU.Build.0 = Release|Any CPU
		{6454B156-D36D-40B2-B7D8-10FE0099C364}.Debug|Any CPU.ActiveCfg = Debug|Any CPU
		{6454B156-D36D-40B2-B7D8-10FE0099C364}.Debug|Any CPU.Build.0 = Debug|Any CPU
		{6454B156-D36D-40B2-B7D8-10FE0099C364}.Release|Any CPU.ActiveCfg = Release|Any CPU
		{6454B156-D36D-40B2-B7D8-10FE0099C364}.Release|Any CPU.Build.0 = Release|Any CPU
		{F61C7CFD-FE1B-42AE-BE13-42E204C88936}.Debug|Any CPU.ActiveCfg = Debug|Any CPU
		{F61C7CFD-FE1B-42AE-BE13-42E204C88936}.Debug|Any CPU.Build.0 = Debug|Any CPU
		{F61C7CFD-FE1B-42AE-BE13-42E204C88936}.Release|Any CPU.ActiveCfg = Release|Any CPU
		{F61C7CFD-FE1B-42AE-BE13-42E204C88936}.Release|Any CPU.Build.0 = Release|Any CPU
	EndGlobalSection
	GlobalSection(SolutionProperties) = preSolution
		HideSolutionNode = FALSE
	EndGlobalSection
	GlobalSection(ExtensibilityGlobals) = postSolution
		SolutionGuid = {58890D6C-32B1-4F1D-830C-CC6957F05256}
	EndGlobalSection
	GlobalSection(NestedProjects) = preSolution
		{F6243096-10C4-4C70-84C6-394157DD64C6} = {4237C347-641B-403A-A892-AC588E62DDC1}
		{E895CB98-DC09-4C61-9C68-9D36DDC99086} = {789A8FED-F3D5-418E-9571-72B60D41B164}
		{4B4437BB-228F-4F4B-B643-3A6B8B69631B} = {4237C347-641B-403A-A892-AC588E62DDC1}
		{2ADABD8A-02F2-4B60-B540-154C11881ED6} = {4237C347-641B-403A-A892-AC588E62DDC1}
		{890FCE05-5E19-4EC3-913F-5E8672101C48} = {4237C347-641B-403A-A892-AC588E62DDC1}
		{114325A2-35F5-46AA-99A7-C73BD8419D76} = {4237C347-641B-403A-A892-AC588E62DDC1}
		{B94B4BE6-D21B-409A-A065-1539EB37888C} = {4237C347-641B-403A-A892-AC588E62DDC1}
		{3569ABF3-9C41-4EE9-866D-238AECD197A3} = {4237C347-641B-403A-A892-AC588E62DDC1}
		{0CD0013B-27E9-42F5-84FF-A0CB2052D4D1} = {4237C347-641B-403A-A892-AC588E62DDC1}
	EndGlobalSection
EndGlobal
