
Microsoft Visual Studio Solution File, Format Version 12.00
# Visual Studio Version 16
VisualStudioVersion = 25.0.1703.5
MinimumVisualStudioVersion = 10.0.40219.1
Project("{FAE04EC0-301F-11D3-BF4B-00C04F79EFBC}") = "SM.BL.cs", "SM.BL\SM.BL.cs.csproj", "{191DDE9F-B7BE-4C8B-A152-9CC6CC24A137}"
EndProject
Project("{2150E333-8FDC-42A3-9474-1A3956D46DE8}") = "Tests", "Tests", "{4237C347-641B-403A-A892-AC588E62DDC1}"
EndProject
Project("{FAE04EC0-301F-11D3-BF4B-00C04F79EFBC}") = "SM.BLTest", "SM.BLTest\SM.BLTest.csproj", "{F6243096-10C4-4C70-84C6-394157DD64C6}"
EndProject
Project("{FAE04EC0-301F-11D3-BF4B-00C04F79EFBC}") = "ShepMovie.CommonTest", "SM.BLTest\ShepMovie.CommonTest\ShepMovie.CommonTest.csproj", "{E895CB98-DC09-4C61-9C68-9D36DDC99086}"
EndProject
Project("{2150E333-8FDC-42A3-9474-1A3956D46DE8}") = "Test1", "Test1", "{789A8FED-F3D5-418E-9571-72B60D41B164}"
EndProject
Project("{FAE04EC0-301F-11D3-BF4B-00C04F79EFBC}") = "SM.COM.cs", "SM.COM.cs\SM.COM.cs.csproj", "{A93B7308-14D7-4389-B488-97D77B97F17C}"
EndProject
Project("{FAE04EC0-301F-11D3-BF4B-00C04F79EFBC}") = "SM.COMTest", "SM.COMTest\SM.COMTest.csproj", "{4B4437BB-228F-4F4B-B643-3A6B8B69631B}"
EndProject
Project("{9344BDBB-3E7F-41FC-A0DD-8665D75EE146}") = "SM.BLTest1", "SM.BLTest\SM.BLTest1\SM.BLTest1.csproj", "{1CDD04D8-B29A-40EA-B0EF-C5313C79221E}"
EndProject
Project("{9344BDBB-3E7F-41FC-A0DD-8665D75EE146}") = "SM.BLTest2", "SM.BLTest\SM.BLTest2\SM.BLTest2.csproj", "{19012D9A-CB75-4422-BF83-B6099F54B0CE}"
EndProject
Project("{9344BDBB-3E7F-41FC-A0DD-8665D75EE146}") = "peapks", "SM.BLTest\peapks\peapks.csproj", "{953B6825-E5AD-4546-9495-49F061BD82EB}"
EndProject
Project("{9344BDBB-3E7F-41FC-A0DD-8665D75EE146}") = "SM.CommonTest", "SM.BLTest\ShepMovie.CommonTest\SM.CommonTest\SM.CommonTest.csproj", "{E60BDA92-0E66-425F-A73D-3EB0083E8EC4}"
EndProject
Project("{9344BDBB-3E7F-41FC-A0DD-8665D75EE146}") = "SMCommonTest", "SM.BLTest\SMCommonTest\SMCommonTest.csproj", "{E58CAB2F-5B47-4D1B-AC9A-F372EB0EA26F}"
EndProject
Project("{9344BDBB-3E7F-41FC-A0DD-8665D75EE146}") = "SMCommonTest", "SM.BL\Test\SMCommonTest\SMCommonTest.csproj", "{CA6B7309-3103-4818-B452-F6D98C7757DD}"
EndProject
Project("{FAE04EC0-301F-11D3-BF4B-00C04F79EFBC}") = "MDBAPP", "MDBAPP\MDBAPP.csproj", "{FE70529A-C7ED-4CA9-A507-7C63DEB85EF5}"
EndProject
Global
	GlobalSection(SolutionConfigurationPlatforms) = preSolution
		Debug|Any CPU = Debug|Any CPU
		Release|Any CPU = Release|Any CPU
	EndGlobalSection
	GlobalSection(ProjectConfigurationPlatforms) = postSolution
		{191DDE9F-B7BE-4C8B-A152-9CC6CC24A137}.Debug|Any CPU.ActiveCfg = Debug|Any CPU
		{191DDE9F-B7BE-4C8B-A152-9CC6CC24A137}.Debug|Any CPU.Build.0 = Debug|Any CPU
		{191DDE9F-B7BE-4C8B-A152-9CC6CC24A137}.Release|Any CPU.ActiveCfg = Release|Any CPU
		{191DDE9F-B7BE-4C8B-A152-9CC6CC24A137}.Release|Any CPU.Build.0 = Release|Any CPU
		{F6243096-10C4-4C70-84C6-394157DD64C6}.Debug|Any CPU.ActiveCfg = Debug|Any CPU
		{F6243096-10C4-4C70-84C6-394157DD64C6}.Debug|Any CPU.Build.0 = Debug|Any CPU
		{F6243096-10C4-4C70-84C6-394157DD64C6}.Release|Any CPU.ActiveCfg = Release|Any CPU
		{F6243096-10C4-4C70-84C6-394157DD64C6}.Release|Any CPU.Build.0 = Release|Any CPU
		{E895CB98-DC09-4C61-9C68-9D36DDC99086}.Debug|Any CPU.ActiveCfg = Debug|Any CPU
		{E895CB98-DC09-4C61-9C68-9D36DDC99086}.Debug|Any CPU.Build.0 = Debug|Any CPU
		{E895CB98-DC09-4C61-9C68-9D36DDC99086}.Release|Any CPU.ActiveCfg = Release|Any CPU
		{E895CB98-DC09-4C61-9C68-9D36DDC99086}.Release|Any CPU.Build.0 = Release|Any CPU
		{A93B7308-14D7-4389-B488-97D77B97F17C}.Debug|Any CPU.ActiveCfg = Debug|Any CPU
		{A93B7308-14D7-4389-B488-97D77B97F17C}.Debug|Any CPU.Build.0 = Debug|Any CPU
		{A93B7308-14D7-4389-B488-97D77B97F17C}.Release|Any CPU.ActiveCfg = Release|Any CPU
		{A93B7308-14D7-4389-B488-97D77B97F17C}.Release|Any CPU.Build.0 = Release|Any CPU
		{4B4437BB-228F-4F4B-B643-3A6B8B69631B}.Debug|Any CPU.ActiveCfg = Debug|Any CPU
		{4B4437BB-228F-4F4B-B643-3A6B8B69631B}.Debug|Any CPU.Build.0 = Debug|Any CPU
		{4B4437BB-228F-4F4B-B643-3A6B8B69631B}.Release|Any CPU.ActiveCfg = Release|Any CPU
		{4B4437BB-228F-4F4B-B643-3A6B8B69631B}.Release|Any CPU.Build.0 = Release|Any CPU
		{1CDD04D8-B29A-40EA-B0EF-C5313C79221E}.Debug|Any CPU.ActiveCfg = Debug|Any CPU
		{1CDD04D8-B29A-40EA-B0EF-C5313C79221E}.Debug|Any CPU.Build.0 = Debug|Any CPU
		{1CDD04D8-B29A-40EA-B0EF-C5313C79221E}.Release|Any CPU.ActiveCfg = Release|Any CPU
		{1CDD04D8-B29A-40EA-B0EF-C5313C79221E}.Release|Any CPU.Build.0 = Release|Any CPU
		{19012D9A-CB75-4422-BF83-B6099F54B0CE}.Debug|Any CPU.ActiveCfg = Debug|Any CPU
		{19012D9A-CB75-4422-BF83-B6099F54B0CE}.Debug|Any CPU.Build.0 = Debug|Any CPU
		{19012D9A-CB75-4422-BF83-B6099F54B0CE}.Release|Any CPU.ActiveCfg = Release|Any CPU
		{19012D9A-CB75-4422-BF83-B6099F54B0CE}.Release|Any CPU.Build.0 = Release|Any CPU
		{953B6825-E5AD-4546-9495-49F061BD82EB}.Debug|Any CPU.ActiveCfg = Debug|Any CPU
		{953B6825-E5AD-4546-9495-49F061BD82EB}.Debug|Any CPU.Build.0 = Debug|Any CPU
		{953B6825-E5AD-4546-9495-49F061BD82EB}.Release|Any CPU.ActiveCfg = Release|Any CPU
		{953B6825-E5AD-4546-9495-49F061BD82EB}.Release|Any CPU.Build.0 = Release|Any CPU
		{E60BDA92-0E66-425F-A73D-3EB0083E8EC4}.Debug|Any CPU.ActiveCfg = Debug|Any CPU
		{E60BDA92-0E66-425F-A73D-3EB0083E8EC4}.Debug|Any CPU.Build.0 = Debug|Any CPU
		{E60BDA92-0E66-425F-A73D-3EB0083E8EC4}.Release|Any CPU.ActiveCfg = Release|Any CPU
		{E60BDA92-0E66-425F-A73D-3EB0083E8EC4}.Release|Any CPU.Build.0 = Release|Any CPU
		{E58CAB2F-5B47-4D1B-AC9A-F372EB0EA26F}.Debug|Any CPU.ActiveCfg = Debug|Any CPU
		{E58CAB2F-5B47-4D1B-AC9A-F372EB0EA26F}.Debug|Any CPU.Build.0 = Debug|Any CPU
		{E58CAB2F-5B47-4D1B-AC9A-F372EB0EA26F}.Release|Any CPU.ActiveCfg = Release|Any CPU
		{E58CAB2F-5B47-4D1B-AC9A-F372EB0EA26F}.Release|Any CPU.Build.0 = Release|Any CPU
		{CA6B7309-3103-4818-B452-F6D98C7757DD}.Debug|Any CPU.ActiveCfg = Debug|Any CPU
		{CA6B7309-3103-4818-B452-F6D98C7757DD}.Debug|Any CPU.Build.0 = Debug|Any CPU
		{CA6B7309-3103-4818-B452-F6D98C7757DD}.Release|Any CPU.ActiveCfg = Release|Any CPU
		{CA6B7309-3103-4818-B452-F6D98C7757DD}.Release|Any CPU.Build.0 = Release|Any CPU
		{FE70529A-C7ED-4CA9-A507-7C63DEB85EF5}.Debug|Any CPU.ActiveCfg = Debug|Any CPU
		{FE70529A-C7ED-4CA9-A507-7C63DEB85EF5}.Debug|Any CPU.Build.0 = Debug|Any CPU
		{FE70529A-C7ED-4CA9-A507-7C63DEB85EF5}.Release|Any CPU.ActiveCfg = Release|Any CPU
		{FE70529A-C7ED-4CA9-A507-7C63DEB85EF5}.Release|Any CPU.Build.0 = Release|Any CPU
	EndGlobalSection
	GlobalSection(SolutionProperties) = preSolution
		HideSolutionNode = FALSE
	EndGlobalSection
	GlobalSection(ExtensibilityGlobals) = postSolution
		SolutionGuid = {58890D6C-32B1-4F1D-830C-CC6957F05256}
	EndGlobalSection
	GlobalSection(NestedProjects) = preSolution
		{F6243096-10C4-4C70-84C6-394157DD64C6} = {4237C347-641B-403A-A892-AC588E62DDC1}
		{E895CB98-DC09-4C61-9C68-9D36DDC99086} = {789A8FED-F3D5-418E-9571-72B60D41B164}
		{4B4437BB-228F-4F4B-B643-3A6B8B69631B} = {4237C347-641B-403A-A892-AC588E62DDC1}
		{1CDD04D8-B29A-40EA-B0EF-C5313C79221E} = {4237C347-641B-403A-A892-AC588E62DDC1}
		{19012D9A-CB75-4422-BF83-B6099F54B0CE} = {4237C347-641B-403A-A892-AC588E62DDC1}
		{953B6825-E5AD-4546-9495-49F061BD82EB} = {4237C347-641B-403A-A892-AC588E62DDC1}
		{E60BDA92-0E66-425F-A73D-3EB0083E8EC4} = {4237C347-641B-403A-A892-AC588E62DDC1}
		{E58CAB2F-5B47-4D1B-AC9A-F372EB0EA26F} = {4237C347-641B-403A-A892-AC588E62DDC1}
		{CA6B7309-3103-4818-B452-F6D98C7757DD} = {4237C347-641B-403A-A892-AC588E62DDC1}
	EndGlobalSection
EndGlobal
